lockfileVersion: '9.0'

settings:
  autoInstallPeers: true
  excludeLinksFromLockfile: false

importers:

  .:
    dependencies:
      hotkeys-js:
        specifier: ^3.13.15
        version: 3.13.15

packages:

  hotkeys-js@3.13.15:
    resolution: {integrity: sha512-gHh8a/cPTCpanraePpjRxyIlxDFrIhYqjuh01UHWEwDpglJKCnvLW8kqSx5gQtOuSsJogNZXLhOdbSExpgUiqg==}

snapshots:

  hotkeys-js@3.13.15: {}
